
Microsoft Visual Studio Solution File, Format Version 12.00
# Visual Studio 15
VisualStudioVersion = 15.0.28010.2050
MinimumVisualStudioVersion = 10.0.40219.1
Project("{FAE04EC0-301F-11D3-BF4B-00C04F79EFBC}") = "CBFitness.BL", "CBFitness.BL\CBFitness.BL.csproj", "{1727D9AE-C3D2-4A9B-B7F3-6D26538E8015}"
EndProject
Project("{FAE04EC0-301F-11D3-BF4B-00C04F79EFBC}") = "CBFitness.CMD", "CBFitness.CMD\CBFitness.CMD.csproj", "{D12A2E12-18C5-48EE-BBD7-A3450DAA8314}"
EndProject
Global
	GlobalSection(SolutionConfigurationPlatforms) = preSolution
		Debug|Any CPU = Debug|Any CPU
		Release|Any CPU = Release|Any CPU
	EndGlobalSection
	GlobalSection(ProjectConfigurationPlatforms) = postSolution
		{1727D9AE-C3D2-4A9B-B7F3-6D26538E8015}.Debug|Any CPU.ActiveCfg = Debug|Any CPU
		{1727D9AE-C3D2-4A9B-B7F3-6D26538E8015}.Debug|Any CPU.Build.0 = Debug|Any CPU
		{1727D9AE-C3D2-4A9B-B7F3-6D26538E8015}.Release|Any CPU.ActiveCfg = Release|Any CPU
		{1727D9AE-C3D2-4A9B-B7F3-6D26538E8015}.Release|Any CPU.Build.0 = Release|Any CPU
		{D12A2E12-18C5-48EE-BBD7-A3450DAA8314}.Debug|Any CPU.ActiveCfg = Debug|Any CPU
		{D12A2E12-18C5-48EE-BBD7-A3450DAA8314}.Debug|Any CPU.Build.0 = Debug|Any CPU
		{D12A2E12-18C5-48EE-BBD7-A3450DAA8314}.Release|Any CPU.ActiveCfg = Release|Any CPU
		{D12A2E12-18C5-48EE-BBD7-A3450DAA8314}.Release|Any CPU.Build.0 = Release|Any CPU
	EndGlobalSection
	GlobalSection(SolutionProperties) = preSolution
		HideSolutionNode = FALSE
	EndGlobalSection
	GlobalSection(ExtensibilityGlobals) = postSolution
		SolutionGuid = {B0C2644E-50A9-453F-9C39-65BB73FD3D17}
	EndGlobalSection
EndGlobal
